apiVersion: vendir.k14s.io/v1alpha1
directories:
- contents:
  - git:
      commitTitle: 'Merge pull request #6663 from Shelley-BaoYue/automated-cherry-pick-of-#6659-upstream-release-1.23...'
      sha: 8e9e9fb155d9dee3fd8b6c00463b1b2be7b3e3b4
      tags:
      - v1.23.0
    path: kubeedge-cloudcore
  path: vendor
- contents:
  - directory: {}
    path: .
  path: helm/kubeedge-cloudcore
kind: LockConfig
