apiVersion: vendir.k14s.io/v1alpha1
directories:
- contents:
  - git:
      commitTitle: 'Merge pull request #7028 from DoisLONG/security/v1.23.1-security-fixes...'
      sha: 1a7ee88d3c61dc781cc9c9053066ab3d38519dd5
      tags:
      - v1.23.1
    path: kubeedge-cloudcore
  path: vendor
- contents:
  - directory: {}
    path: .
  path: helm/kubeedge-cloudcore
kind: LockConfig
